
Microsoft Visual Studio Solution File, Format Version 12.00
# Visual Studio Version 17
VisualStudioVersion = 17.8.34330.188
MinimumVisualStudioVersion = 10.0.40219.1
Project("{9A19103F-16F7-4668-BE54-9A1E7A4F7556}") = "LB426_LB_Janick", "LB426_LB_Janick.csproj", "{FF3100BD-2487-4A95-A3DF-0CAD8DE61C7A}"
EndProject
Global
	GlobalSection(SolutionConfigurationPlatforms) = preSolution
		Debug|Any CPU = Debug|Any CPU
		Release|Any CPU = Release|Any CPU
	EndGlobalSection
	GlobalSection(ProjectConfigurationPlatforms) = postSolution
		{FF3100BD-2487-4A95-A3DF-0CAD8DE61C7A}.Debug|Any CPU.ActiveCfg = Debug|Any CPU
		{FF3100BD-2487-4A95-A3DF-0CAD8DE61C7A}.Debug|Any CPU.Build.0 = Debug|Any CPU
		{FF3100BD-2487-4A95-A3DF-0CAD8DE61C7A}.Release|Any CPU.ActiveCfg = Release|Any CPU
		{FF3100BD-2487-4A95-A3DF-0CAD8DE61C7A}.Release|Any CPU.Build.0 = Release|Any CPU
	EndGlobalSection
	GlobalSection(SolutionProperties) = preSolution
		HideSolutionNode = FALSE
	EndGlobalSection
	GlobalSection(ExtensibilityGlobals) = postSolution
		SolutionGuid = {152A7D73-E881-459D-81DA-F5C2AE574295}
	EndGlobalSection
EndGlobal
